dependencies:
  esp_modem:
    component_hash: b7b90576466dd7bf2e8c44960e2c1b9d01844abf5e9ab0773d561a4931f24f50
    dependencies:
    - name: idf
      version: '>=4.1'
    source:
      git: https://github.com/lolrobbe2/esp_modem_temp
      path: .
      type: git
    version: 0f85b248ed084bb12f2406ac4f32dd4132ceb2bd
  idf:
    source:
      type: idf
    version: 5.4.0
  lolrobbe2/kastaar-modem:
    component_hash: 1cda097d5f257ab68c1d838d051af16ba7783b7f58da5d300d62ee48c9c56349
    dependencies:
    - name: idf
      version: '>=5.0'
    - git: https://github.com/lolrobbe2/esp_modem_temp
      name: esp_modem
      version: '*'
    source:
      git: https://github.com/lolrobbe2/KastaarModem
      path: .
      type: git
    targets:
    - esp32s3
    version: c0fa5f96e7afcfe3d897aba2ef90d8a256edfa38
direct_dependencies:
- idf
- lolrobbe2/kastaar-modem
manifest_hash: 2a232a0d8769bd6c3c51fd51de85cbe745629300b7acced9d722cb95be1ba159
target: esp32s3
version: 2.0.0
