dependencies:
  esp_modem:
    component_hash: b7b90576466dd7bf2e8c44960e2c1b9d01844abf5e9ab0773d561a4931f24f50
    dependencies:
    - name: idf
      version: '>=4.1'
    source:
      git: https://github.com/lolrobbe2/esp_modem_temp
      path: .
      type: git
    version: 0f85b248ed084bb12f2406ac4f32dd4132ceb2bd
  idf:
    source:
      type: idf
    version: 5.4.2
  lolrobbe2/kastaar-modem:
    component_hash: 347d5f615d316aded79fe44de87dec6cc7d579514a6ccece871e87eed9e112cc
    dependencies:
    - name: idf
      version: '>=5.0'
    - git: https://github.com/lolrobbe2/esp_modem_temp
      name: esp_modem
      version: '*'
    source:
      git: https://github.com/lolrobbe2/KastaarModem
      path: .
      type: git
    targets:
    - esp32s3
    version: f333c1a24f927649cc8e7ef16a6e2426ca67d0c1
direct_dependencies:
- idf
- lolrobbe2/kastaar-modem
manifest_hash: 2a232a0d8769bd6c3c51fd51de85cbe745629300b7acced9d722cb95be1ba159
target: esp32
version: 2.0.0
