dependencies:
  esp_modem:
    component_hash: b7b90576466dd7bf2e8c44960e2c1b9d01844abf5e9ab0773d561a4931f24f50
    dependencies:
    - name: idf
      version: '>=4.1'
    source:
      git: https://github.com/lolrobbe2/esp_modem_temp
      path: .
      type: git
    version: 0f85b248ed084bb12f2406ac4f32dd4132ceb2bd
  idf:
    source:
      type: idf
    version: 5.4.0
  lolrobbe2/kastaar-modem:
    component_hash: 59667d373fcd1816a9b41a4af2f649a4d14d06d59f8d00d31d465d60c2008d53
    dependencies:
    - name: idf
      version: '>=5.0'
    - git: https://github.com/lolrobbe2/esp_modem_temp
      name: esp_modem
      version: '*'
    source:
      git: https://github.com/lolrobbe2/KastaarModem
      path: .
      type: git
    targets:
    - esp32s3
    version: b2bc2336d9793aa8830b78fa87e16afffedc67dc
direct_dependencies:
- idf
- lolrobbe2/kastaar-modem
manifest_hash: e96a53cca34377f0620f7e2ed7ee2cc531469e37ab63d34ca17a2edb8812b26e
target: esp32s3
version: 2.0.0
