dependencies:
  esp_modem:
    component_hash: 066e9faeafc95e99834cc9ba1d46eb80695545c5a9ff9cdd63dade5becb21ed0
    dependencies:
    - name: idf
      version: '>=4.1'
    source:
      git: https://github.com/lolrobbe2/esp_modem_temp
      path: .
      type: git
    version: f9cf60278e448f0e4e916decc02917d40f14529b
  idf:
    source:
      type: idf
    version: 5.4.0
  lolrobbe2/kastaar-modem:
    component_hash: 188ff5c70c6b774b7e756262a1720be872ce5679c4c4e66fb581bf979b8fd964
    dependencies:
    - name: idf
      version: '>=5.0'
    - git: https://github.com/lolrobbe2/esp_modem_temp
      name: esp_modem
      version: '*'
    source:
      git: https://github.com/lolrobbe2/KastaarModem
      path: .
      type: git
    targets:
    - esp32s3
    version: e431827b2c6b540460d04fd4325e795c10e6a751
direct_dependencies:
- idf
- lolrobbe2/kastaar-modem
manifest_hash: e96a53cca34377f0620f7e2ed7ee2cc531469e37ab63d34ca17a2edb8812b26e
target: esp32s3
version: 2.0.0
